
Microsoft Visual Studio Solution File, Format Version 12.00
# Visual Studio Version 17
VisualStudioVersion = 17.2.32616.157
MinimumVisualStudioVersion = 10.0.40219.1
Project("{FAE04EC0-301F-11D3-BF4B-00C04F79EFBC}") = "WinFormsApp1", "WinFormsApp1\WinFormsApp1.csproj", "{B570A2A9-F5EF-419F-BBE8-36774FF668D7}"
EndProject
Global
	GlobalSection(SolutionConfigurationPlatforms) = preSolution
		Debug|Any CPU = Debug|Any CPU
		Release|Any CPU = Release|Any CPU
	EndGlobalSection
	GlobalSection(ProjectConfigurationPlatforms) = postSolution
		{B570A2A9-F5EF-419F-BBE8-36774FF668D7}.Debug|Any CPU.ActiveCfg = Debug|Any CPU
		{B570A2A9-F5EF-419F-BBE8-36774FF668D7}.Debug|Any CPU.Build.0 = Debug|Any CPU
		{B570A2A9-F5EF-419F-BBE8-36774FF668D7}.Release|Any CPU.ActiveCfg = Release|Any CPU
		{B570A2A9-F5EF-419F-BBE8-36774FF668D7}.Release|Any CPU.Build.0 = Release|Any CPU
	EndGlobalSection
	GlobalSection(SolutionProperties) = preSolution
		HideSolutionNode = FALSE
	EndGlobalSection
	GlobalSection(ExtensibilityGlobals) = postSolution
		SolutionGuid = {EAA4094E-3D71-4CF6-9BA1-51ED3269BEA5}
	EndGlobalSection
EndGlobal
